
Microsoft Visual Studio Solution File, Format Version 12.00
# Visual Studio Version 17
VisualStudioVersion = 17.9.34902.65
MinimumVisualStudioVersion = 10.0.40219.1
Project("{9A19103F-16F7-4668-BE54-9A1E7A4F7556}") = "RecipesApiEFCore", "RecipesApiEFCore\RecipesApiEFCore.csproj", "{307D9C78-0C63-437E-B61A-E4393DD22F9A}"
EndProject
Project("{9A19103F-16F7-4668-BE54-9A1E7A4F7556}") = "RecipeLibraryEFCore", "RecipeLibraryEFCore\RecipeLibraryEFCore\RecipeLibraryEFCore.csproj", "{3CE8BBA6-E943-4A3A-B0BA-FFB137955F64}"
EndProject
Global
	GlobalSection(SolutionConfigurationPlatforms) = preSolution
		Debug|Any CPU = Debug|Any CPU
		Release|Any CPU = Release|Any CPU
	EndGlobalSection
	GlobalSection(ProjectConfigurationPlatforms) = postSolution
		{307D9C78-0C63-437E-B61A-E4393DD22F9A}.Debug|Any CPU.ActiveCfg = Debug|Any CPU
		{307D9C78-0C63-437E-B61A-E4393DD22F9A}.Debug|Any CPU.Build.0 = Debug|Any CPU
		{307D9C78-0C63-437E-B61A-E4393DD22F9A}.Release|Any CPU.ActiveCfg = Release|Any CPU
		{307D9C78-0C63-437E-B61A-E4393DD22F9A}.Release|Any CPU.Build.0 = Release|Any CPU
		{3CE8BBA6-E943-4A3A-B0BA-FFB137955F64}.Debug|Any CPU.ActiveCfg = Debug|Any CPU
		{3CE8BBA6-E943-4A3A-B0BA-FFB137955F64}.Debug|Any CPU.Build.0 = Debug|Any CPU
		{3CE8BBA6-E943-4A3A-B0BA-FFB137955F64}.Release|Any CPU.ActiveCfg = Release|Any CPU
		{3CE8BBA6-E943-4A3A-B0BA-FFB137955F64}.Release|Any CPU.Build.0 = Release|Any CPU
	EndGlobalSection
	GlobalSection(SolutionProperties) = preSolution
		HideSolutionNode = FALSE
	EndGlobalSection
	GlobalSection(ExtensibilityGlobals) = postSolution
		SolutionGuid = {953836F4-D0A0-4C54-97E3-ED078ACA60B3}
	EndGlobalSection
EndGlobal
